// !$*UTF8*$!
{
	archiveVersion = 1;
	classes = {
	};
	objectVersion = 50;
	objects = {

/* Begin PBXBuildFile section */
		29C6CFBF223C054A00FC321B /* AppDelegate.swift in Sources */ = {isa = PBXBuildFile; fileRef = 29C6CFBE223C054A00FC321B /* AppDelegate.swift */; };
		29C6CFC1223C054A00FC321B /* ViewController.swift in Sources */ = {isa = PBXBuildFile; fileRef = 29C6CFC0223C054A00FC321B /* ViewController.swift */; };
		29C6CFC4223C054B00FC321B /* Main.storyboard in Resources */ = {isa = PBXBuildFile; fileRef = 29C6CFC2223C054B00FC321B /* Main.storyboard */; };
		29C6CFC6223C054B00FC321B /* Assets.xcassets in Resources */ = {isa = PBXBuildFile; fileRef = 29C6CFC5223C054B00FC321B /* Assets.xcassets */; };
		29C6CFC9223C054B00FC321B /* LaunchScreen.storyboard in Resources */ = {isa = PBXBuildFile; fileRef = 29C6CFC7223C054B00FC321B /* LaunchScreen.storyboard */; };
		29C6CFD9223C10FF00FC321B /* GridLock.framework in Frameworks */ = {isa = PBXBuildFile; fileRef = 29C6CFD8223C10FF00FC321B /* GridLock.framework */; };
/* End PBXBuildFile section */

/* Begin PBXFileReference section */
		29C6CFBB223C054A00FC321B /* GridLockDemoApp.app */ = {isa = PBXFileReference; explicitFileType = wrapper.application; includeInIndex = 0; path = GridLockDemoApp.app; sourceTree = BUILT_PRODUCTS_DIR; };
		29C6CFBE223C054A00FC321B /* AppDelegate.swift */ = {isa = PBXFileReference; lastKnownFileType = sourcecode.swift; path = AppDelegate.swift; sourceTree = "<group>"; };
		29C6CFC0223C054A00FC321B /* ViewController.swift */ = {isa = PBXFileReference; lastKnownFileType = sourcecode.swift; path = ViewController.swift; sourceTree = "<group>"; };
		29C6CFC3223C054B00FC321B /* Base */ = {isa = PBXFileReference; lastKnownFileType = file.storyboard; name = Base; path = Base.lproj/Main.storyboard; sourceTree = "<group>"; };
		29C6CFC5223C054B00FC321B /* Assets.xcassets */ = {isa = PBXFileReference; lastKnownFileType = folder.assetcatalog; path = Assets.xcassets; sourceTree = "<group>"; };
		29C6CFC8223C054B00FC321B /* Base */ = {isa = PBXFileReference; lastKnownFileType = file.storyboard; name = Base; path = Base.lproj/LaunchScreen.storyboard; sourceTree = "<group>"; };
		29C6CFCA223C054C00FC321B /* Info.plist */ = {isa = PBXFileReference; lastKnownFileType = text.plist.xml; path = Info.plist; sourceTree = "<group>"; };
		29C6CFD8223C10FF00FC321B /* GridLock.framework */ = {isa = PBXFileReference; explicitFileType = wrapper.framework; path = GridLock.framework; sourceTree = BUILT_PRODUCTS_DIR; };
/* End PBXFileReference section */

/* Begin PBXFrameworksBuildPhase section */
		29C6CFB8223C054A00FC321B /* Frameworks */ = {
			isa = PBXFrameworksBuildPhase;
			buildActionMask = 2147483647;
			files = (
				29C6CFD9223C10FF00FC321B /* GridLock.framework in Frameworks */,
			);
			runOnlyForDeploymentPostprocessing = 0;
		};
/* End PBXFrameworksBuildPhase section */

/* Begin PBXGroup section */
		29C6CFB2223C054A00FC321B = {
			isa = PBXGroup;
			children = (
				29C6CFBD223C054A00FC321B /* GridLockDemoApp */,
				29C6CFBC223C054A00FC321B /* Products */,
				29C6CFD3223C0C8100FC321B /* Frameworks */,
			);
			sourceTree = "<group>";
		};
		29C6CFBC223C054A00FC321B /* Products */ = {
			isa = PBXGroup;
			children = (
				29C6CFBB223C054A00FC321B /* GridLockDemoApp.app */,
			);
			name = Products;
			sourceTree = "<group>";
		};
		29C6CFBD223C054A00FC321B /* GridLockDemoApp */ = {
			isa = PBXGroup;
			children = (
				29C6CFBE223C054A00FC321B /* AppDelegate.swift */,
				29C6CFC0223C054A00FC321B /* ViewController.swift */,
				29C6CFC2223C054B00FC321B /* Main.storyboard */,
				29C6CFC5223C054B00FC321B /* Assets.xcassets */,
				29C6CFC7223C054B00FC321B /* LaunchScreen.storyboard */,
				29C6CFCA223C054C00FC321B /* Info.plist */,
			);
			path = GridLockDemoApp;
			sourceTree = "<group>";
		};
		29C6CFD3223C0C8100FC321B /* Frameworks */ = {
			isa = PBXGroup;
			children = (
				29C6CFD8223C10FF00FC321B /* GridLock.framework */,
			);
			name = Frameworks;
			sourceTree = "<group>";
		};
/* End PBXGroup section */

/* Begin PBXNativeTarget section */
		29C6CFBA223C054A00FC321B /* GridLockDemoApp */ = {
			isa = PBXNativeTarget;
			buildConfigurationList = 29C6CFCD223C054C00FC321B /* Build configuration list for PBXNativeTarget "GridLockDemoApp" */;
			buildPhases = (
				29C6CFB7223C054A00FC321B /* Sources */,
				29C6CFB8223C054A00FC321B /* Frameworks */,
				29C6CFB9223C054A00FC321B /* Resources */,
			);
			buildRules = (
			);
			dependencies = (
			);
			name = GridLockDemoApp;
			productName = GridLockDemoApp;
			productReference = 29C6CFBB223C054A00FC321B /* GridLockDemoApp.app */;
			productType = "com.apple.product-type.application";
		};
/* End PBXNativeTarget section */

/* Begin PBXProject section */
		29C6CFB3223C054A00FC321B /* Project object */ = {
			isa = PBXProject;
			attributes = {
				LastSwiftUpdateCheck = 1010;
				LastUpgradeCheck = 1010;
				ORGANIZATIONNAME = Instil;
				TargetAttributes = {
					29C6CFBA223C054A00FC321B = {
						CreatedOnToolsVersion = 10.1;
					};
				};
			};
			buildConfigurationList = 29C6CFB6223C054A00FC321B /* Build configuration list for PBXProject "GridLockDemoApp" */;
			compatibilityVersion = "Xcode 9.3";
			developmentRegion = en;
			hasScannedForEncodings = 0;
			knownRegions = (
				en,
				Base,
			);
			mainGroup = 29C6CFB2223C054A00FC321B;
			productRefGroup = 29C6CFBC223C054A00FC321B /* Products */;
			projectDirPath = "";
			projectRoot = "";
			targets = (
				29C6CFBA223C054A00FC321B /* GridLockDemoApp */,
			);
		};
/* End PBXProject section */

/* Begin PBXResourcesBuildPhase section */
		29C6CFB9223C054A00FC321B /* Resources */ = {
			isa = PBXResourcesBuildPhase;
			buildActionMask = 2147483647;
			files = (
				29C6CFC9223C054B00FC321B /* LaunchScreen.storyboard in Resources */,
				29C6CFC6223C054B00FC321B /* Assets.xcassets in Resources */,
				29C6CFC4223C054B00FC321B /* Main.storyboard in Resources */,
			);
			runOnlyForDeploymentPostprocessing = 0;
		};
/* End PBXResourcesBuildPhase section */

/* Begin PBXSourcesBuildPhase section */
		29C6CFB7223C054A00FC321B /* Sources */ = {
			isa = PBXSourcesBuildPhase;
			buildActionMask = 2147483647;
			files = (
				29C6CFC1223C054A00FC321B /* ViewController.swift in Sources */,
				29C6CFBF223C054A00FC321B /* AppDelegate.swift in Sources */,
			);
			runOnlyForDeploymentPostprocessing = 0;
		};
/* End PBXSourcesBuildPhase section */

/* Begin PBXVariantGroup section */
		29C6CFC2223C054B00FC321B /* Main.storyboard */ = {
			isa = PBXVariantGroup;
			children = (
				29C6CFC3223C054B00FC321B /* Base */,
			);
			name = Main.storyboard;
			sourceTree = "<group>";
		};
		29C6CFC7223C054B00FC321B /* LaunchScreen.storyboard */ = {
			isa = PBXVariantGroup;
			children = (
				29C6CFC8223C054B00FC321B /* Base */,
			);
			name = LaunchScreen.storyboard;
			sourceTree = "<group>";
		};
/* End PBXVariantGroup section */

/* Begin XCBuildConfiguration section */
		29C6CFCB223C054C00FC321B /* Debug */ = {
			isa = XCBuildConfiguration;
			buildSettings = {
				ALWAYS_SEARCH_USER_PATHS = NO;
				CLANG_ANALYZER_NONNULL = YES;
				CLANG_ANALYZER_NUMBER_OBJECT_CONVERSION = YES_AGGRESSIVE;
				CLANG_CXX_LANGUAGE_STANDARD = "gnu++14";
				CLANG_CXX_LIBRARY = "libc++";
				CLANG_ENABLE_MODULES = YES;
				CLANG_ENABLE_OBJC_ARC = YES;
				CLANG_ENABLE_OBJC_WEAK = YES;
				CLANG_WARN_BLOCK_CAPTURE_AUTORELEASING = YES;
				CLANG_WARN_BOOL_CONVERSION = YES;
				CLANG_WARN_COMMA = YES;
				CLANG_WARN_CONSTANT_CONVERSION = YES;
				CLANG_WARN_DEPRECATED_OBJC_IMPLEMENTATIONS = YES;
				CLANG_WARN_DIRECT_OBJC_ISA_USAGE = YES_ERROR;
				CLANG_WARN_DOCUMENTATION_COMMENTS = YES;
				CLANG_WARN_EMPTY_BODY = YES;
				CLANG_WARN_ENUM_CONVERSION = YES;
				CLANG_WARN_INFINITE_RECURSION = YES;
				CLANG_WARN_INT_CONVERSION = YES;
				CLANG_WARN_NON_LITERAL_NULL_CONVERSION = YES;
				CLANG_WARN_OBJC_IMPLICIT_RETAIN_SELF = YES;
				CLANG_WARN_OBJC_LITERAL_CONVERSION = YES;
				CLANG_WARN_OBJC_ROOT_CLASS = YES_ERROR;
				CLANG_WARN_RANGE_LOOP_ANALYSIS = YES;
				CLANG_WARN_STRICT_PROTOTYPES = YES;
				CLANG_WARN_SUSPICIOUS_MOVE = YES;
				CLANG_WARN_UNGUARDED_AVAILABILITY = YES_AGGRESSIVE;
				CLANG_WARN_UNREACHABLE_CODE = YES;
				CLANG_WARN__DUPLICATE_METHOD_MATCH = YES;
				CODE_SIGN_IDENTITY = "iPhone Developer";
				COPY_PHASE_STRIP = NO;
				DEBUG_INFORMATION_FORMAT = dwarf;
				ENABLE_STRICT_OBJC_MSGSEND = YES;
				ENABLE_TESTABILITY = YES;
				GCC_C_LANGUAGE_STANDARD = gnu11;
				GCC_DYNAMIC_NO_PIC = NO;
				GCC_NO_COMMON_BLOCKS = YES;
				GCC_OPTIMIZATION_LEVEL = 0;
				GCC_PREPROCESSOR_DEFINITIONS = (
					"DEBUG=1",
					"$(inherited)",
				);
				GCC_WARN_64_TO_32_BIT_CONVERSION = YES;
				GCC_WARN_ABOUT_RETURN_TYPE = YES_ERROR;
				GCC_WARN_UNDECLARED_SELECTOR = YES;
				GCC_WARN_UNINITIALIZED_AUTOS = YES_AGGRESSIVE;
				GCC_WARN_UNUSED_FUNCTION = YES;
				GCC_WARN_UNUSED_VARIABLE = YES;
				IPHONEOS_DEPLOYMENT_TARGET = 12.1;
				MTL_ENABLE_DEBUG_INFO = INCLUDE_SOURCE;
				MTL_FAST_MATH = YES;
				ONLY_ACTIVE_ARCH = YES;
				SDKROOT = iphoneos;
				SWIFT_ACTIVE_COMPILATION_CONDITIONS = DEBUG;
				SWIFT_OPTIMIZATION_LEVEL = "-Onone";
			};
			name = Debug;
		};
		29C6CFCC223C054C00FC321B /* Release */ = {
			isa = XCBuildConfiguration;
			buildSettings = {
				ALWAYS_SEARCH_USER_PATHS = NO;
				CLANG_ANALYZER_NONNULL = YES;
				CLANG_ANALYZER_NUMBER_OBJECT_CONVERSION = YES_AGGRESSIVE;
				CLANG_CXX_LANGUAGE_STANDARD = "gnu++14";
				CLANG_CXX_LIBRARY = "libc++";
				CLANG_ENABLE_MODULES = YES;
				CLANG_ENABLE_OBJC_ARC = YES;
				CLANG_ENABLE_OBJC_WEAK = YES;
				CLANG_WARN_BLOCK_CAPTURE_AUTORELEASING = YES;
				CLANG_WARN_BOOL_CONVERSION = YES;
				CLANG_WARN_COMMA = YES;
				CLANG_WARN_CONSTANT_CONVERSION = YES;
				CLANG_WARN_DEPRECATED_OBJC_IMPLEMENTATIONS = YES;
				CLANG_WARN_DIRECT_OBJC_ISA_USAGE = YES_ERROR;
				CLANG_WARN_DOCUMENTATION_COMMENTS = YES;
				CLANG_WARN_EMPTY_BODY = YES;
				CLANG_WARN_ENUM_CONVERSION = YES;
				CLANG_WARN_INFINITE_RECURSION = YES;
				CLANG_WARN_INT_CONVERSION = YES;
				CLANG_WARN_NON_LITERAL_NULL_CONVERSION = YES;
				CLANG_WARN_OBJC_IMPLICIT_RETAIN_SELF = YES;
				CLANG_WARN_OBJC_LITERAL_CONVERSION = YES;
				CLANG_WARN_OBJC_ROOT_CLASS = YES_ERROR;
				CLANG_WARN_RANGE_LOOP_ANALYSIS = YES;
				CLANG_WARN_STRICT_PROTOTYPES = YES;
				CLANG_WARN_SUSPICIOUS_MOVE = YES;
				CLANG_WARN_UNGUARDED_AVAILABILITY = YES_AGGRESSIVE;
				CLANG_WARN_UNREACHABLE_CODE = YES;
				CLANG_WARN__DUPLICATE_METHOD_MATCH = YES;
				CODE_SIGN_IDENTITY = "iPhone Developer";
				COPY_PHASE_STRIP = NO;
				DEBUG_INFORMATION_FORMAT = "dwarf-with-dsym";
				ENABLE_NS_ASSERTIONS = NO;
				ENABLE_STRICT_OBJC_MSGSEND = YES;
				GCC_C_LANGUAGE_STANDARD = gnu11;
				GCC_NO_COMMON_BLOCKS = YES;
				GCC_WARN_64_TO_32_BIT_CONVERSION = YES;
				GCC_WARN_ABOUT_RETURN_TYPE = YES_ERROR;
				GCC_WARN_UNDECLARED_SELECTOR = YES;
				GCC_WARN_UNINITIALIZED_AUTOS = YES_AGGRESSIVE;
				GCC_WARN_UNUSED_FUNCTION = YES;
				GCC_WARN_UNUSED_VARIABLE = YES;
				IPHONEOS_DEPLOYMENT_TARGET = 12.1;
				MTL_ENABLE_DEBUG_INFO = NO;
				MTL_FAST_MATH = YES;
				SDKROOT = iphoneos;
				SWIFT_COMPILATION_MODE = wholemodule;
				SWIFT_OPTIMIZATION_LEVEL = "-O";
				VALIDATE_PRODUCT = YES;
			};
			name = Release;
		};
		29C6CFCE223C054C00FC321B /* Debug */ = {
			isa = XCBuildConfiguration;
			buildSettings = {
				ASSETCATALOG_COMPILER_APPICON_NAME = AppIcon;
				CODE_SIGN_STYLE = Automatic;
				DEVELOPMENT_TEAM = "";
				INFOPLIST_FILE = GridLockDemoApp/Info.plist;
				LD_RUNPATH_SEARCH_PATHS = (
					"$(inherited)",
					"@executable_path/Frameworks",
				);
				PRODUCT_BUNDLE_IDENTIFIER = co.instil.GridLockDemoApp;
				PRODUCT_NAME = "$(TARGET_NAME)";
				SWIFT_VERSION = 4.2;
				TARGETED_DEVICE_FAMILY = "1,2";
			};
			name = Debug;
		};
		29C6CFCF223C054C00FC321B /* Release */ = {
			isa = XCBuildConfiguration;
			buildSettings = {
				ASSETCATALOG_COMPILER_APPICON_NAME = AppIcon;
				CODE_SIGN_STYLE = Automatic;
				DEVELOPMENT_TEAM = "";
				INFOPLIST_FILE = GridLockDemoApp/Info.plist;
				LD_RUNPATH_SEARCH_PATHS = (
					"$(inherited)",
					"@executable_path/Frameworks",
				);
				PRODUCT_BUNDLE_IDENTIFIER = co.instil.GridLockDemoApp;
				PRODUCT_NAME = "$(TARGET_NAME)";
				SWIFT_VERSION = 4.2;
				TARGETED_DEVICE_FAMILY = "1,2";
			};
			name = Release;
		};
/* End XCBuildConfiguration section */

/* Begin XCConfigurationList section */
		29C6CFB6223C054A00FC321B /* Build configuration list for PBXProject "GridLockDemoApp" */ = {
			isa = XCConfigurationList;
			buildConfigurations = (
				29C6CFCB223C054C00FC321B /* Debug */,
				29C6CFCC223C054C00FC321B /* Release */,
			);
			defaultConfigurationIsVisible = 0;
			defaultConfigurationName = Release;
		};
		29C6CFCD223C054C00FC321B /* Build configuration list for PBXNativeTarget "GridLockDemoApp" */ = {
			isa = XCConfigurationList;
			buildConfigurations = (
				29C6CFCE223C054C00FC321B /* Debug */,
				29C6CFCF223C054C00FC321B /* Release */,
			);
			defaultConfigurationIsVisible = 0;
			defaultConfigurationName = Release;
		};
/* End XCConfigurationList section */
	};
	rootObject = 29C6CFB3223C054A00FC321B /* Project object */;
}
